
Microsoft Visual Studio Solution File, Format Version 12.00
# Visual Studio Version 17
VisualStudioVersion = 17.8.34219.65
MinimumVisualStudioVersion = 10.0.40219.1
Project("{FAE04EC0-301F-11D3-BF4B-00C04F79EFBC}") = "Factory Method", "Factory Method\Factory Method.csproj", "{DEA08FFA-16DC-4EE9-B753-57207F634A2E}"
EndProject
Global
	GlobalSection(SolutionConfigurationPlatforms) = preSolution
		Debug|Any CPU = Debug|Any CPU
		Release|Any CPU = Release|Any CPU
	EndGlobalSection
	GlobalSection(ProjectConfigurationPlatforms) = postSolution
		{DEA08FFA-16DC-4EE9-B753-57207F634A2E}.Debug|Any CPU.ActiveCfg = Debug|Any CPU
		{DEA08FFA-16DC-4EE9-B753-57207F634A2E}.Debug|Any CPU.Build.0 = Debug|Any CPU
		{DEA08FFA-16DC-4EE9-B753-57207F634A2E}.Release|Any CPU.ActiveCfg = Release|Any CPU
		{DEA08FFA-16DC-4EE9-B753-57207F634A2E}.Release|Any CPU.Build.0 = Release|Any CPU
	EndGlobalSection
	GlobalSection(SolutionProperties) = preSolution
		HideSolutionNode = FALSE
	EndGlobalSection
	GlobalSection(ExtensibilityGlobals) = postSolution
		SolutionGuid = {B61F4200-649B-497B-95FC-D9F877F81DED}
	EndGlobalSection
EndGlobal
